
Microsoft Visual Studio Solution File, Format Version 12.00
# Visual Studio Version 17
VisualStudioVersion = 17.0.32014.148
MinimumVisualStudioVersion = 10.0.40219.1
Project("{FAE04EC0-301F-11D3-BF4B-00C04F79EFBC}") = "WpfApp2", "WpfApp2\WpfApp2.csproj", "{3242A86A-6422-46DE-B6A0-2C699D48F759}"
EndProject
Global
	GlobalSection(SolutionConfigurationPlatforms) = preSolution
		Debug|Any CPU = Debug|Any CPU
		Release|Any CPU = Release|Any CPU
	EndGlobalSection
	GlobalSection(ProjectConfigurationPlatforms) = postSolution
		{3242A86A-6422-46DE-B6A0-2C699D48F759}.Debug|Any CPU.ActiveCfg = Debug|Any CPU
		{3242A86A-6422-46DE-B6A0-2C699D48F759}.Debug|Any CPU.Build.0 = Debug|Any CPU
		{3242A86A-6422-46DE-B6A0-2C699D48F759}.Release|Any CPU.ActiveCfg = Release|Any CPU
		{3242A86A-6422-46DE-B6A0-2C699D48F759}.Release|Any CPU.Build.0 = Release|Any CPU
	EndGlobalSection
	GlobalSection(SolutionProperties) = preSolution
		HideSolutionNode = FALSE
	EndGlobalSection
	GlobalSection(ExtensibilityGlobals) = postSolution
		SolutionGuid = {8DD9B42C-BEB8-458D-8446-F10FF5565C1B}
	EndGlobalSection
EndGlobal
